
Microsoft Visual Studio Solution File, Format Version 12.00
# Visual Studio 15
VisualStudioVersion = 15.0.27703.2047
MinimumVisualStudioVersion = 10.0.40219.1
Project("{FAE04EC0-301F-11D3-BF4B-00C04F79EFBC}") = "ImportExcel", "ImportExcel\ImportExcel.csproj", "{1D482859-0D1B-43B9-BD3A-3667645336DC}"
EndProject
Global
	GlobalSection(SolutionConfigurationPlatforms) = preSolution
		Debug|Any CPU = Debug|Any CPU
		Release|Any CPU = Release|Any CPU
	EndGlobalSection
	GlobalSection(ProjectConfigurationPlatforms) = postSolution
		{1D482859-0D1B-43B9-BD3A-3667645336DC}.Debug|Any CPU.ActiveCfg = Debug|Any CPU
		{1D482859-0D1B-43B9-BD3A-3667645336DC}.Debug|Any CPU.Build.0 = Debug|Any CPU
		{1D482859-0D1B-43B9-BD3A-3667645336DC}.Release|Any CPU.ActiveCfg = Release|Any CPU
		{1D482859-0D1B-43B9-BD3A-3667645336DC}.Release|Any CPU.Build.0 = Release|Any CPU
	EndGlobalSection
	GlobalSection(SolutionProperties) = preSolution
		HideSolutionNode = FALSE
	EndGlobalSection
	GlobalSection(ExtensibilityGlobals) = postSolution
		SolutionGuid = {5F5C6430-FF39-42AD-97FC-5719948FA4D4}
	EndGlobalSection
EndGlobal
